
Microsoft Visual Studio Solution File, Format Version 12.00
# Visual Studio Version 17
VisualStudioVersion = 17.5.33414.496
MinimumVisualStudioVersion = 10.0.40219.1
Project("{2150E333-8FDC-42A3-9474-1A3956D46DE8}") = "src", "src", "{0398831D-2C72-49A5-BC9E-85EC3B9CC64D}"
EndProject
Project("{2150E333-8FDC-42A3-9474-1A3956D46DE8}") = "BuildingBlocks", "BuildingBlocks", "{34172E12-974D-4BDB-B353-6A6E21E82430}"
EndProject
Project("{2150E333-8FDC-42A3-9474-1A3956D46DE8}") = "CleanArchitecture", "CleanArchitecture", "{74039110-04DC-47F8-BE26-206E280FA444}"
EndProject
Project("{FAE04EC0-301F-11D3-BF4B-00C04F79EFBC}") = "Logging", "src\BuildingBlocks\Logging\Logging.csproj", "{C74F82C6-00C8-4409-B026-E03F90CDF33D}"
EndProject
Project("{FAE04EC0-301F-11D3-BF4B-00C04F79EFBC}") = "Contracts", "src\BuildingBlocks\Contracts\Contracts.csproj", "{6E778E78-68A6-4462-8335-8E85F0B40BC8}"
EndProject
Project("{FAE04EC0-301F-11D3-BF4B-00C04F79EFBC}") = "Infrastructure", "src\BuildingBlocks\Infrastructure\Infrastructure.csproj", "{B97962C4-91B2-4E0F-AB3F-36383219B401}"
EndProject
Project("{FAE04EC0-301F-11D3-BF4B-00C04F79EFBC}") = "Shared", "src\BuildingBlocks\Shared\Shared.csproj", "{5EDD9795-45FE-49F8-89ED-50B44DC14817}"
EndProject
Project("{2150E333-8FDC-42A3-9474-1A3956D46DE8}") = "Core", "Core", "{1F05127E-961E-4CD4-8626-D908DC345414}"
EndProject
Project("{2150E333-8FDC-42A3-9474-1A3956D46DE8}") = "Infrastructure", "Infrastructure", "{CBA60D9C-DC63-42E3-A32A-5AC6A436E3E9}"
EndProject
Project("{2150E333-8FDC-42A3-9474-1A3956D46DE8}") = "Presentation", "Presentation", "{35A476C4-7D42-4A58-B6F4-B0E4160B6E37}"
EndProject
Project("{FAE04EC0-301F-11D3-BF4B-00C04F79EFBC}") = "CleanArchitecture.Application", "src\CleanArchitecture\Core\CleanArchitecture.Application\CleanArchitecture.Application.csproj", "{F329B568-7514-4EFF-A885-22319929085A}"
EndProject
Project("{FAE04EC0-301F-11D3-BF4B-00C04F79EFBC}") = "CleanArchitecture.Domain", "src\CleanArchitecture\Core\CleanArchitecture.Domain\CleanArchitecture.Domain.csproj", "{82080F81-1535-426E-8366-1B199161B8BD}"
EndProject
Project("{FAE04EC0-301F-11D3-BF4B-00C04F79EFBC}") = "CleanArchitecture.Infrastructure", "src\CleanArchitecture\Infrastructure\CleanArchitecture.Infrastructure\CleanArchitecture.Infrastructure.csproj", "{F283EFBF-F27F-46D5-AE09-3F53EAC41E4C}"
EndProject
Project("{FAE04EC0-301F-11D3-BF4B-00C04F79EFBC}") = "CleanArchitecture.Persistence", "src\CleanArchitecture\Infrastructure\CleanArchitecture.Persistence\CleanArchitecture.Persistence.csproj", "{F5989F83-02CD-4226-B48B-FE2EE2E8F5CC}"
EndProject
Project("{FAE04EC0-301F-11D3-BF4B-00C04F79EFBC}") = "CleanArchitecture.WebAPI", "src\CleanArchitecture\Presentation\CleanArchitecture.WebAPI\CleanArchitecture.WebAPI.csproj", "{57DF5BBC-5C50-4056-B058-28297E8121E1}"
EndProject
Global
	GlobalSection(SolutionConfigurationPlatforms) = preSolution
		Debug|Any CPU = Debug|Any CPU
		Release|Any CPU = Release|Any CPU
	EndGlobalSection
	GlobalSection(ProjectConfigurationPlatforms) = postSolution
		{C74F82C6-00C8-4409-B026-E03F90CDF33D}.Debug|Any CPU.ActiveCfg = Debug|Any CPU
		{C74F82C6-00C8-4409-B026-E03F90CDF33D}.Debug|Any CPU.Build.0 = Debug|Any CPU
		{C74F82C6-00C8-4409-B026-E03F90CDF33D}.Release|Any CPU.ActiveCfg = Release|Any CPU
		{C74F82C6-00C8-4409-B026-E03F90CDF33D}.Release|Any CPU.Build.0 = Release|Any CPU
		{6E778E78-68A6-4462-8335-8E85F0B40BC8}.Debug|Any CPU.ActiveCfg = Debug|Any CPU
		{6E778E78-68A6-4462-8335-8E85F0B40BC8}.Debug|Any CPU.Build.0 = Debug|Any CPU
		{6E778E78-68A6-4462-8335-8E85F0B40BC8}.Release|Any CPU.ActiveCfg = Release|Any CPU
		{6E778E78-68A6-4462-8335-8E85F0B40BC8}.Release|Any CPU.Build.0 = Release|Any CPU
		{B97962C4-91B2-4E0F-AB3F-36383219B401}.Debug|Any CPU.ActiveCfg = Debug|Any CPU
		{B97962C4-91B2-4E0F-AB3F-36383219B401}.Debug|Any CPU.Build.0 = Debug|Any CPU
		{B97962C4-91B2-4E0F-AB3F-36383219B401}.Release|Any CPU.ActiveCfg = Release|Any CPU
		{B97962C4-91B2-4E0F-AB3F-36383219B401}.Release|Any CPU.Build.0 = Release|Any CPU
		{5EDD9795-45FE-49F8-89ED-50B44DC14817}.Debug|Any CPU.ActiveCfg = Debug|Any CPU
		{5EDD9795-45FE-49F8-89ED-50B44DC14817}.Debug|Any CPU.Build.0 = Debug|Any CPU
		{5EDD9795-45FE-49F8-89ED-50B44DC14817}.Release|Any CPU.ActiveCfg = Release|Any CPU
		{5EDD9795-45FE-49F8-89ED-50B44DC14817}.Release|Any CPU.Build.0 = Release|Any CPU
		{F329B568-7514-4EFF-A885-22319929085A}.Debug|Any CPU.ActiveCfg = Debug|Any CPU
		{F329B568-7514-4EFF-A885-22319929085A}.Debug|Any CPU.Build.0 = Debug|Any CPU
		{F329B568-7514-4EFF-A885-22319929085A}.Release|Any CPU.ActiveCfg = Release|Any CPU
		{F329B568-7514-4EFF-A885-22319929085A}.Release|Any CPU.Build.0 = Release|Any CPU
		{82080F81-1535-426E-8366-1B199161B8BD}.Debug|Any CPU.ActiveCfg = Debug|Any CPU
		{82080F81-1535-426E-8366-1B199161B8BD}.Debug|Any CPU.Build.0 = Debug|Any CPU
		{82080F81-1535-426E-8366-1B199161B8BD}.Release|Any CPU.ActiveCfg = Release|Any CPU
		{82080F81-1535-426E-8366-1B199161B8BD}.Release|Any CPU.Build.0 = Release|Any CPU
		{F283EFBF-F27F-46D5-AE09-3F53EAC41E4C}.Debug|Any CPU.ActiveCfg = Debug|Any CPU
		{F283EFBF-F27F-46D5-AE09-3F53EAC41E4C}.Debug|Any CPU.Build.0 = Debug|Any CPU
		{F283EFBF-F27F-46D5-AE09-3F53EAC41E4C}.Release|Any CPU.ActiveCfg = Release|Any CPU
		{F283EFBF-F27F-46D5-AE09-3F53EAC41E4C}.Release|Any CPU.Build.0 = Release|Any CPU
		{F5989F83-02CD-4226-B48B-FE2EE2E8F5CC}.Debug|Any CPU.ActiveCfg = Debug|Any CPU
		{F5989F83-02CD-4226-B48B-FE2EE2E8F5CC}.Debug|Any CPU.Build.0 = Debug|Any CPU
		{F5989F83-02CD-4226-B48B-FE2EE2E8F5CC}.Release|Any CPU.ActiveCfg = Release|Any CPU
		{F5989F83-02CD-4226-B48B-FE2EE2E8F5CC}.Release|Any CPU.Build.0 = Release|Any CPU
		{57DF5BBC-5C50-4056-B058-28297E8121E1}.Debug|Any CPU.ActiveCfg = Debug|Any CPU
		{57DF5BBC-5C50-4056-B058-28297E8121E1}.Debug|Any CPU.Build.0 = Debug|Any CPU
		{57DF5BBC-5C50-4056-B058-28297E8121E1}.Release|Any CPU.ActiveCfg = Release|Any CPU
		{57DF5BBC-5C50-4056-B058-28297E8121E1}.Release|Any CPU.Build.0 = Release|Any CPU
	EndGlobalSection
	GlobalSection(SolutionProperties) = preSolution
		HideSolutionNode = FALSE
	EndGlobalSection
	GlobalSection(NestedProjects) = preSolution
		{34172E12-974D-4BDB-B353-6A6E21E82430} = {0398831D-2C72-49A5-BC9E-85EC3B9CC64D}
		{74039110-04DC-47F8-BE26-206E280FA444} = {0398831D-2C72-49A5-BC9E-85EC3B9CC64D}
		{C74F82C6-00C8-4409-B026-E03F90CDF33D} = {34172E12-974D-4BDB-B353-6A6E21E82430}
		{6E778E78-68A6-4462-8335-8E85F0B40BC8} = {34172E12-974D-4BDB-B353-6A6E21E82430}
		{B97962C4-91B2-4E0F-AB3F-36383219B401} = {34172E12-974D-4BDB-B353-6A6E21E82430}
		{5EDD9795-45FE-49F8-89ED-50B44DC14817} = {34172E12-974D-4BDB-B353-6A6E21E82430}
		{1F05127E-961E-4CD4-8626-D908DC345414} = {74039110-04DC-47F8-BE26-206E280FA444}
		{CBA60D9C-DC63-42E3-A32A-5AC6A436E3E9} = {74039110-04DC-47F8-BE26-206E280FA444}
		{35A476C4-7D42-4A58-B6F4-B0E4160B6E37} = {74039110-04DC-47F8-BE26-206E280FA444}
		{F329B568-7514-4EFF-A885-22319929085A} = {1F05127E-961E-4CD4-8626-D908DC345414}
		{82080F81-1535-426E-8366-1B199161B8BD} = {1F05127E-961E-4CD4-8626-D908DC345414}
		{F283EFBF-F27F-46D5-AE09-3F53EAC41E4C} = {CBA60D9C-DC63-42E3-A32A-5AC6A436E3E9}
		{F5989F83-02CD-4226-B48B-FE2EE2E8F5CC} = {CBA60D9C-DC63-42E3-A32A-5AC6A436E3E9}
		{57DF5BBC-5C50-4056-B058-28297E8121E1} = {35A476C4-7D42-4A58-B6F4-B0E4160B6E37}
	EndGlobalSection
	GlobalSection(ExtensibilityGlobals) = postSolution
		SolutionGuid = {EE98FB89-042B-4868-A412-16E4D6F02D43}
	EndGlobalSection
EndGlobal
