
Microsoft Visual Studio Solution File, Format Version 12.00
# Visual Studio Version 17
VisualStudioVersion = 17.5.33414.496
MinimumVisualStudioVersion = 10.0.40219.1
Project("{2150E333-8FDC-42A3-9474-1A3956D46DE8}") = "src", "src", "{0398831D-2C72-49A5-BC9E-85EC3B9CC64D}"
EndProject
Project("{2150E333-8FDC-42A3-9474-1A3956D46DE8}") = "BuildingBlocks", "BuildingBlocks", "{34172E12-974D-4BDB-B353-6A6E21E82430}"
EndProject
Project("{2150E333-8FDC-42A3-9474-1A3956D46DE8}") = "CleanArchitecture", "CleanArchitecture", "{74039110-04DC-47F8-BE26-206E280FA444}"
EndProject
Project("{FAE04EC0-301F-11D3-BF4B-00C04F79EFBC}") = "Logging", "src\BuildingBlocks\Logging\Logging.csproj", "{C74F82C6-00C8-4409-B026-E03F90CDF33D}"
EndProject
Project("{FAE04EC0-301F-11D3-BF4B-00C04F79EFBC}") = "Contracts", "src\BuildingBlocks\Contracts\Contracts.csproj", "{6E778E78-68A6-4462-8335-8E85F0B40BC8}"
EndProject
Project("{FAE04EC0-301F-11D3-BF4B-00C04F79EFBC}") = "Infrastructure", "src\BuildingBlocks\Infrastructure\Infrastructure.csproj", "{B97962C4-91B2-4E0F-AB3F-36383219B401}"
EndProject
Project("{FAE04EC0-301F-11D3-BF4B-00C04F79EFBC}") = "Shared", "src\BuildingBlocks\Shared\Shared.csproj", "{5EDD9795-45FE-49F8-89ED-50B44DC14817}"
EndProject
Project("{2150E333-8FDC-42A3-9474-1A3956D46DE8}") = "Core", "Core", "{1F05127E-961E-4CD4-8626-D908DC345414}"
EndProject
Project("{2150E333-8FDC-42A3-9474-1A3956D46DE8}") = "Infrastructure", "Infrastructure", "{CBA60D9C-DC63-42E3-A32A-5AC6A436E3E9}"
EndProject
Project("{2150E333-8FDC-42A3-9474-1A3956D46DE8}") = "Presentation", "Presentation", "{35A476C4-7D42-4A58-B6F4-B0E4160B6E37}"
EndProject
Project("{FAE04EC0-301F-11D3-BF4B-00C04F79EFBC}") = "CleanArchitectureDemo.Application", "src\CleanArchitecture\Core\CleanArchitectureDemo.Application\CleanArchitectureDemo.Application.csproj", "{4A0F4A67-5B03-4F7D-9E97-5A683459A795}"
EndProject
Project("{FAE04EC0-301F-11D3-BF4B-00C04F79EFBC}") = "CleanArchitectureDemo.Domain", "src\CleanArchitecture\Core\CleanArchitectureDemo.Domain\CleanArchitectureDemo.Domain.csproj", "{797C4F5A-824C-4CAF-958B-4A3C322628B5}"
EndProject
Project("{FAE04EC0-301F-11D3-BF4B-00C04F79EFBC}") = "CleanArchitectureDemo.Infrastructure", "src\CleanArchitecture\Infrastructure\CleanArchitectureDemo.Infrastructure\CleanArchitectureDemo.Infrastructure.csproj", "{556A62A8-B380-444B-AA5D-4A8749630477}"
EndProject
Project("{FAE04EC0-301F-11D3-BF4B-00C04F79EFBC}") = "Persistence", "src\CleanArchitecture\Infrastructure\Persistence\Persistence.csproj", "{B97184D2-20DD-4280-8836-4B0AF12CB67B}"
EndProject
Project("{FAE04EC0-301F-11D3-BF4B-00C04F79EFBC}") = "CleanArchitectureDemo.WebAPI", "src\CleanArchitecture\Presentation\CleanArchitectureDemo.WebAPI\CleanArchitectureDemo.WebAPI.csproj", "{B3BDFCAF-4574-42FD-9D8E-CEAD8150E0B9}"
EndProject
Global
	GlobalSection(SolutionConfigurationPlatforms) = preSolution
		Debug|Any CPU = Debug|Any CPU
		Release|Any CPU = Release|Any CPU
	EndGlobalSection
	GlobalSection(ProjectConfigurationPlatforms) = postSolution
		{C74F82C6-00C8-4409-B026-E03F90CDF33D}.Debug|Any CPU.ActiveCfg = Debug|Any CPU
		{C74F82C6-00C8-4409-B026-E03F90CDF33D}.Debug|Any CPU.Build.0 = Debug|Any CPU
		{C74F82C6-00C8-4409-B026-E03F90CDF33D}.Release|Any CPU.ActiveCfg = Release|Any CPU
		{C74F82C6-00C8-4409-B026-E03F90CDF33D}.Release|Any CPU.Build.0 = Release|Any CPU
		{6E778E78-68A6-4462-8335-8E85F0B40BC8}.Debug|Any CPU.ActiveCfg = Debug|Any CPU
		{6E778E78-68A6-4462-8335-8E85F0B40BC8}.Debug|Any CPU.Build.0 = Debug|Any CPU
		{6E778E78-68A6-4462-8335-8E85F0B40BC8}.Release|Any CPU.ActiveCfg = Release|Any CPU
		{6E778E78-68A6-4462-8335-8E85F0B40BC8}.Release|Any CPU.Build.0 = Release|Any CPU
		{B97962C4-91B2-4E0F-AB3F-36383219B401}.Debug|Any CPU.ActiveCfg = Debug|Any CPU
		{B97962C4-91B2-4E0F-AB3F-36383219B401}.Debug|Any CPU.Build.0 = Debug|Any CPU
		{B97962C4-91B2-4E0F-AB3F-36383219B401}.Release|Any CPU.ActiveCfg = Release|Any CPU
		{B97962C4-91B2-4E0F-AB3F-36383219B401}.Release|Any CPU.Build.0 = Release|Any CPU
		{5EDD9795-45FE-49F8-89ED-50B44DC14817}.Debug|Any CPU.ActiveCfg = Debug|Any CPU
		{5EDD9795-45FE-49F8-89ED-50B44DC14817}.Debug|Any CPU.Build.0 = Debug|Any CPU
		{5EDD9795-45FE-49F8-89ED-50B44DC14817}.Release|Any CPU.ActiveCfg = Release|Any CPU
		{5EDD9795-45FE-49F8-89ED-50B44DC14817}.Release|Any CPU.Build.0 = Release|Any CPU
		{4A0F4A67-5B03-4F7D-9E97-5A683459A795}.Debug|Any CPU.ActiveCfg = Debug|Any CPU
		{4A0F4A67-5B03-4F7D-9E97-5A683459A795}.Debug|Any CPU.Build.0 = Debug|Any CPU
		{4A0F4A67-5B03-4F7D-9E97-5A683459A795}.Release|Any CPU.ActiveCfg = Release|Any CPU
		{4A0F4A67-5B03-4F7D-9E97-5A683459A795}.Release|Any CPU.Build.0 = Release|Any CPU
		{797C4F5A-824C-4CAF-958B-4A3C322628B5}.Debug|Any CPU.ActiveCfg = Debug|Any CPU
		{797C4F5A-824C-4CAF-958B-4A3C322628B5}.Debug|Any CPU.Build.0 = Debug|Any CPU
		{797C4F5A-824C-4CAF-958B-4A3C322628B5}.Release|Any CPU.ActiveCfg = Release|Any CPU
		{797C4F5A-824C-4CAF-958B-4A3C322628B5}.Release|Any CPU.Build.0 = Release|Any CPU
		{556A62A8-B380-444B-AA5D-4A8749630477}.Debug|Any CPU.ActiveCfg = Debug|Any CPU
		{556A62A8-B380-444B-AA5D-4A8749630477}.Debug|Any CPU.Build.0 = Debug|Any CPU
		{556A62A8-B380-444B-AA5D-4A8749630477}.Release|Any CPU.ActiveCfg = Release|Any CPU
		{556A62A8-B380-444B-AA5D-4A8749630477}.Release|Any CPU.Build.0 = Release|Any CPU
		{B97184D2-20DD-4280-8836-4B0AF12CB67B}.Debug|Any CPU.ActiveCfg = Debug|Any CPU
		{B97184D2-20DD-4280-8836-4B0AF12CB67B}.Debug|Any CPU.Build.0 = Debug|Any CPU
		{B97184D2-20DD-4280-8836-4B0AF12CB67B}.Release|Any CPU.ActiveCfg = Release|Any CPU
		{B97184D2-20DD-4280-8836-4B0AF12CB67B}.Release|Any CPU.Build.0 = Release|Any CPU
		{B3BDFCAF-4574-42FD-9D8E-CEAD8150E0B9}.Debug|Any CPU.ActiveCfg = Debug|Any CPU
		{B3BDFCAF-4574-42FD-9D8E-CEAD8150E0B9}.Debug|Any CPU.Build.0 = Debug|Any CPU
		{B3BDFCAF-4574-42FD-9D8E-CEAD8150E0B9}.Release|Any CPU.ActiveCfg = Release|Any CPU
		{B3BDFCAF-4574-42FD-9D8E-CEAD8150E0B9}.Release|Any CPU.Build.0 = Release|Any CPU
	EndGlobalSection
	GlobalSection(SolutionProperties) = preSolution
		HideSolutionNode = FALSE
	EndGlobalSection
	GlobalSection(NestedProjects) = preSolution
		{34172E12-974D-4BDB-B353-6A6E21E82430} = {0398831D-2C72-49A5-BC9E-85EC3B9CC64D}
		{74039110-04DC-47F8-BE26-206E280FA444} = {0398831D-2C72-49A5-BC9E-85EC3B9CC64D}
		{C74F82C6-00C8-4409-B026-E03F90CDF33D} = {34172E12-974D-4BDB-B353-6A6E21E82430}
		{6E778E78-68A6-4462-8335-8E85F0B40BC8} = {34172E12-974D-4BDB-B353-6A6E21E82430}
		{B97962C4-91B2-4E0F-AB3F-36383219B401} = {34172E12-974D-4BDB-B353-6A6E21E82430}
		{5EDD9795-45FE-49F8-89ED-50B44DC14817} = {34172E12-974D-4BDB-B353-6A6E21E82430}
		{1F05127E-961E-4CD4-8626-D908DC345414} = {74039110-04DC-47F8-BE26-206E280FA444}
		{CBA60D9C-DC63-42E3-A32A-5AC6A436E3E9} = {74039110-04DC-47F8-BE26-206E280FA444}
		{35A476C4-7D42-4A58-B6F4-B0E4160B6E37} = {74039110-04DC-47F8-BE26-206E280FA444}
		{4A0F4A67-5B03-4F7D-9E97-5A683459A795} = {1F05127E-961E-4CD4-8626-D908DC345414}
		{797C4F5A-824C-4CAF-958B-4A3C322628B5} = {1F05127E-961E-4CD4-8626-D908DC345414}
		{556A62A8-B380-444B-AA5D-4A8749630477} = {CBA60D9C-DC63-42E3-A32A-5AC6A436E3E9}
		{B97184D2-20DD-4280-8836-4B0AF12CB67B} = {CBA60D9C-DC63-42E3-A32A-5AC6A436E3E9}
		{B3BDFCAF-4574-42FD-9D8E-CEAD8150E0B9} = {35A476C4-7D42-4A58-B6F4-B0E4160B6E37}
	EndGlobalSection
	GlobalSection(ExtensibilityGlobals) = postSolution
		SolutionGuid = {EE98FB89-042B-4868-A412-16E4D6F02D43}
	EndGlobalSection
EndGlobal
